
Microsoft Visual Studio Solution File, Format Version 12.00
# Visual Studio 14
VisualStudioVersion = 14.0.23107.0
MinimumVisualStudioVersion = 10.0.40219.1
Project("{FAE04EC0-301F-11D3-BF4B-00C04F79EFBC}") = "WcfService", "WcfService\WcfService.csproj", "{B15A66F9-FB55-4516-BC6E-79C739FB32BF}"
EndProject
Project("{FAE04EC0-301F-11D3-BF4B-00C04F79EFBC}") = "AutoDemo", "..\AutoDemo\AutoDemo.csproj", "{9F2EA6C3-85E6-4137-AC17-26378D84F1D9}"
EndProject
Project("{FAE04EC0-301F-11D3-BF4B-00C04F79EFBC}") = "MediApp", "MediApp\MediApp.csproj", "{D6C56D93-C9FA-4CCE-8922-447C784DA8DC}"
EndProject
Project("{FAE04EC0-301F-11D3-BF4B-00C04F79EFBC}") = "MediApp.Tests", "MediApp.Tests\MediApp.Tests.csproj", "{4947803A-0136-49BC-A537-87A4EA5FECDA}"
EndProject
Project("{FAE04EC0-301F-11D3-BF4B-00C04F79EFBC}") = "EntityModels", "EntityModels1\EntityModels.csproj", "{59B5324D-0D38-4FF7-AFB1-D9EEC5D24EF8}"
EndProject
Global
	GlobalSection(SolutionConfigurationPlatforms) = preSolution
		Debug|Any CPU = Debug|Any CPU
		Debug|x86 = Debug|x86
		Release|Any CPU = Release|Any CPU
		Release|x86 = Release|x86
	EndGlobalSection
	GlobalSection(ProjectConfigurationPlatforms) = postSolution
		{B15A66F9-FB55-4516-BC6E-79C739FB32BF}.Debug|Any CPU.ActiveCfg = Debug|Any CPU
		{B15A66F9-FB55-4516-BC6E-79C739FB32BF}.Debug|Any CPU.Build.0 = Debug|Any CPU
		{B15A66F9-FB55-4516-BC6E-79C739FB32BF}.Debug|x86.ActiveCfg = Debug|Any CPU
		{B15A66F9-FB55-4516-BC6E-79C739FB32BF}.Debug|x86.Build.0 = Debug|Any CPU
		{B15A66F9-FB55-4516-BC6E-79C739FB32BF}.Release|Any CPU.ActiveCfg = Release|Any CPU
		{B15A66F9-FB55-4516-BC6E-79C739FB32BF}.Release|Any CPU.Build.0 = Release|Any CPU
		{B15A66F9-FB55-4516-BC6E-79C739FB32BF}.Release|x86.ActiveCfg = Release|Any CPU
		{B15A66F9-FB55-4516-BC6E-79C739FB32BF}.Release|x86.Build.0 = Release|Any CPU
		{9F2EA6C3-85E6-4137-AC17-26378D84F1D9}.Debug|Any CPU.ActiveCfg = Debug|x86
		{9F2EA6C3-85E6-4137-AC17-26378D84F1D9}.Debug|x86.ActiveCfg = Debug|x86
		{9F2EA6C3-85E6-4137-AC17-26378D84F1D9}.Debug|x86.Build.0 = Debug|x86
		{9F2EA6C3-85E6-4137-AC17-26378D84F1D9}.Release|Any CPU.ActiveCfg = Release|x86
		{9F2EA6C3-85E6-4137-AC17-26378D84F1D9}.Release|x86.ActiveCfg = Release|x86
		{9F2EA6C3-85E6-4137-AC17-26378D84F1D9}.Release|x86.Build.0 = Release|x86
		{D6C56D93-C9FA-4CCE-8922-447C784DA8DC}.Debug|Any CPU.ActiveCfg = Debug|Any CPU
		{D6C56D93-C9FA-4CCE-8922-447C784DA8DC}.Debug|Any CPU.Build.0 = Debug|Any CPU
		{D6C56D93-C9FA-4CCE-8922-447C784DA8DC}.Debug|x86.ActiveCfg = Debug|Any CPU
		{D6C56D93-C9FA-4CCE-8922-447C784DA8DC}.Debug|x86.Build.0 = Debug|Any CPU
		{D6C56D93-C9FA-4CCE-8922-447C784DA8DC}.Release|Any CPU.ActiveCfg = Release|Any CPU
		{D6C56D93-C9FA-4CCE-8922-447C784DA8DC}.Release|Any CPU.Build.0 = Release|Any CPU
		{D6C56D93-C9FA-4CCE-8922-447C784DA8DC}.Release|x86.ActiveCfg = Release|Any CPU
		{D6C56D93-C9FA-4CCE-8922-447C784DA8DC}.Release|x86.Build.0 = Release|Any CPU
		{4947803A-0136-49BC-A537-87A4EA5FECDA}.Debug|Any CPU.ActiveCfg = Debug|Any CPU
		{4947803A-0136-49BC-A537-87A4EA5FECDA}.Debug|Any CPU.Build.0 = Debug|Any CPU
		{4947803A-0136-49BC-A537-87A4EA5FECDA}.Debug|x86.ActiveCfg = Debug|Any CPU
		{4947803A-0136-49BC-A537-87A4EA5FECDA}.Debug|x86.Build.0 = Debug|Any CPU
		{4947803A-0136-49BC-A537-87A4EA5FECDA}.Release|Any CPU.ActiveCfg = Release|Any CPU
		{4947803A-0136-49BC-A537-87A4EA5FECDA}.Release|Any CPU.Build.0 = Release|Any CPU
		{4947803A-0136-49BC-A537-87A4EA5FECDA}.Release|x86.ActiveCfg = Release|Any CPU
		{4947803A-0136-49BC-A537-87A4EA5FECDA}.Release|x86.Build.0 = Release|Any CPU
		{59B5324D-0D38-4FF7-AFB1-D9EEC5D24EF8}.Debug|Any CPU.ActiveCfg = Debug|Any CPU
		{59B5324D-0D38-4FF7-AFB1-D9EEC5D24EF8}.Debug|Any CPU.Build.0 = Debug|Any CPU
		{59B5324D-0D38-4FF7-AFB1-D9EEC5D24EF8}.Debug|x86.ActiveCfg = Debug|Any CPU
		{59B5324D-0D38-4FF7-AFB1-D9EEC5D24EF8}.Debug|x86.Build.0 = Debug|Any CPU
		{59B5324D-0D38-4FF7-AFB1-D9EEC5D24EF8}.Release|Any CPU.ActiveCfg = Release|Any CPU
		{59B5324D-0D38-4FF7-AFB1-D9EEC5D24EF8}.Release|Any CPU.Build.0 = Release|Any CPU
		{59B5324D-0D38-4FF7-AFB1-D9EEC5D24EF8}.Release|x86.ActiveCfg = Release|Any CPU
		{59B5324D-0D38-4FF7-AFB1-D9EEC5D24EF8}.Release|x86.Build.0 = Release|Any CPU
	EndGlobalSection
	GlobalSection(SolutionProperties) = preSolution
		HideSolutionNode = FALSE
	EndGlobalSection
EndGlobal
